
Microsoft Visual Studio Solution File, Format Version 12.00
# Visual Studio Version 17
VisualStudioVersion = 17.4.33205.214
MinimumVisualStudioVersion = 10.0.40219.1
Project("{9A19103F-16F7-4668-BE54-9A1E7A4F7556}") = "ODataBookStore.API", "ODataBookStore.API\ODataBookStore.API.csproj", "{91B20B12-64E7-4DCC-B871-051438637D83}"
EndProject
Project("{9A19103F-16F7-4668-BE54-9A1E7A4F7556}") = "ODataBookStore.DataAccess", "ODataBookStore.DataAccess\ODataBookStore.DataAccess.csproj", "{8B421BF0-34D3-44BB-952C-D9C3736BA807}"
EndProject
Project("{9A19103F-16F7-4668-BE54-9A1E7A4F7556}") = "ODataBookStore.Web", "ODataBookStore.Web\ODataBookStore.Web.csproj", "{12767D9D-D91B-4AD3-B615-4D3D4C9B3A5B}"
EndProject
Project("{FAE04EC0-301F-11D3-BF4B-00C04F79EFBC}") = "ODataBookStore.BusinessObject", "ODataBookStore.BusinessObject\ODataBookStore.BusinessObject.csproj", "{BF11B91F-BBE6-4B4F-9B53-B8106582A541}"
EndProject
Global
	GlobalSection(SolutionConfigurationPlatforms) = preSolution
		Debug|Any CPU = Debug|Any CPU
		Release|Any CPU = Release|Any CPU
	EndGlobalSection
	GlobalSection(ProjectConfigurationPlatforms) = postSolution
		{91B20B12-64E7-4DCC-B871-051438637D83}.Debug|Any CPU.ActiveCfg = Debug|Any CPU
		{91B20B12-64E7-4DCC-B871-051438637D83}.Debug|Any CPU.Build.0 = Debug|Any CPU
		{91B20B12-64E7-4DCC-B871-051438637D83}.Release|Any CPU.ActiveCfg = Release|Any CPU
		{91B20B12-64E7-4DCC-B871-051438637D83}.Release|Any CPU.Build.0 = Release|Any CPU
		{8B421BF0-34D3-44BB-952C-D9C3736BA807}.Debug|Any CPU.ActiveCfg = Debug|Any CPU
		{8B421BF0-34D3-44BB-952C-D9C3736BA807}.Debug|Any CPU.Build.0 = Debug|Any CPU
		{8B421BF0-34D3-44BB-952C-D9C3736BA807}.Release|Any CPU.ActiveCfg = Release|Any CPU
		{8B421BF0-34D3-44BB-952C-D9C3736BA807}.Release|Any CPU.Build.0 = Release|Any CPU
		{12767D9D-D91B-4AD3-B615-4D3D4C9B3A5B}.Debug|Any CPU.ActiveCfg = Debug|Any CPU
		{12767D9D-D91B-4AD3-B615-4D3D4C9B3A5B}.Debug|Any CPU.Build.0 = Debug|Any CPU
		{12767D9D-D91B-4AD3-B615-4D3D4C9B3A5B}.Release|Any CPU.ActiveCfg = Release|Any CPU
		{12767D9D-D91B-4AD3-B615-4D3D4C9B3A5B}.Release|Any CPU.Build.0 = Release|Any CPU
		{BF11B91F-BBE6-4B4F-9B53-B8106582A541}.Debug|Any CPU.ActiveCfg = Debug|Any CPU
		{BF11B91F-BBE6-4B4F-9B53-B8106582A541}.Debug|Any CPU.Build.0 = Debug|Any CPU
		{BF11B91F-BBE6-4B4F-9B53-B8106582A541}.Release|Any CPU.ActiveCfg = Release|Any CPU
		{BF11B91F-BBE6-4B4F-9B53-B8106582A541}.Release|Any CPU.Build.0 = Release|Any CPU
	EndGlobalSection
	GlobalSection(SolutionProperties) = preSolution
		HideSolutionNode = FALSE
	EndGlobalSection
	GlobalSection(ExtensibilityGlobals) = postSolution
		SolutionGuid = {C9A0AE93-530E-48D0-9B1E-F8871B6F1B44}
	EndGlobalSection
EndGlobal
